
Microsoft Visual Studio Solution File, Format Version 12.00
# Visual Studio Version 17
VisualStudioVersion = 17.9.34622.214
MinimumVisualStudioVersion = 10.0.40219.1
Project("{9A19103F-16F7-4668-BE54-9A1E7A4F7556}") = "StocksService", "StocksService\StocksService.csproj", "{38696413-5D4D-4C4F-AE0A-01B3BB6BCC46}"
EndProject
Project("{9A19103F-16F7-4668-BE54-9A1E7A4F7556}") = "StocksPortfolio.Api", "StocksPortfolio.Api\StocksPortfolio.Api.csproj", "{CE6E497A-266D-4A63-8B37-C7F16547D784}"
EndProject
Project("{9A19103F-16F7-4668-BE54-9A1E7A4F7556}") = "StocksPortfolio.Core", "StocksPortfolio.Core\StocksPortfolio.Core.csproj", "{A7BA7161-1A0C-433C-8CEB-94848795E387}"
EndProject
Project("{9A19103F-16F7-4668-BE54-9A1E7A4F7556}") = "StocksPortfolio.Infrastructure", "StocksPortfolio.Infrastructure\StocksPortfolio.Infrastructure.csproj", "{9368CB53-892A-4508-A506-3F6D8BF0C28B}"
EndProject
Global
	GlobalSection(SolutionConfigurationPlatforms) = preSolution
		Debug|Any CPU = Debug|Any CPU
		Release|Any CPU = Release|Any CPU
	EndGlobalSection
	GlobalSection(ProjectConfigurationPlatforms) = postSolution
		{38696413-5D4D-4C4F-AE0A-01B3BB6BCC46}.Debug|Any CPU.ActiveCfg = Debug|Any CPU
		{38696413-5D4D-4C4F-AE0A-01B3BB6BCC46}.Debug|Any CPU.Build.0 = Debug|Any CPU
		{38696413-5D4D-4C4F-AE0A-01B3BB6BCC46}.Release|Any CPU.ActiveCfg = Release|Any CPU
		{38696413-5D4D-4C4F-AE0A-01B3BB6BCC46}.Release|Any CPU.Build.0 = Release|Any CPU
		{CE6E497A-266D-4A63-8B37-C7F16547D784}.Debug|Any CPU.ActiveCfg = Debug|Any CPU
		{CE6E497A-266D-4A63-8B37-C7F16547D784}.Debug|Any CPU.Build.0 = Debug|Any CPU
		{CE6E497A-266D-4A63-8B37-C7F16547D784}.Release|Any CPU.ActiveCfg = Release|Any CPU
		{CE6E497A-266D-4A63-8B37-C7F16547D784}.Release|Any CPU.Build.0 = Release|Any CPU
		{A7BA7161-1A0C-433C-8CEB-94848795E387}.Debug|Any CPU.ActiveCfg = Debug|Any CPU
		{A7BA7161-1A0C-433C-8CEB-94848795E387}.Debug|Any CPU.Build.0 = Debug|Any CPU
		{A7BA7161-1A0C-433C-8CEB-94848795E387}.Release|Any CPU.ActiveCfg = Release|Any CPU
		{A7BA7161-1A0C-433C-8CEB-94848795E387}.Release|Any CPU.Build.0 = Release|Any CPU
		{9368CB53-892A-4508-A506-3F6D8BF0C28B}.Debug|Any CPU.ActiveCfg = Debug|Any CPU
		{9368CB53-892A-4508-A506-3F6D8BF0C28B}.Debug|Any CPU.Build.0 = Debug|Any CPU
		{9368CB53-892A-4508-A506-3F6D8BF0C28B}.Release|Any CPU.ActiveCfg = Release|Any CPU
		{9368CB53-892A-4508-A506-3F6D8BF0C28B}.Release|Any CPU.Build.0 = Release|Any CPU
	EndGlobalSection
	GlobalSection(SolutionProperties) = preSolution
		HideSolutionNode = FALSE
	EndGlobalSection
	GlobalSection(ExtensibilityGlobals) = postSolution
		SolutionGuid = {C1DF8378-6592-4F57-A131-0536E0C57B76}
	EndGlobalSection
EndGlobal
